Microsoft Visual Studio Solution File, Format Version 12.00
# Visual Studio 15
VisualStudioVersion = 15.0.26124.0
MinimumVisualStudioVersion = 15.0.26124.0
Project("{9A19103F-16F7-4668-BE54-9A1E7A4F7556}") = "FirebaseAdmin", "FirebaseAdmin\FirebaseAdmin.csproj", "{20D3B9D9-7461-441A-A798-6B124417F7A3}"
EndProject
Project("{9A19103F-16F7-4668-BE54-9A1E7A4F7556}") = "FirebaseAdmin.Tests", "FirebaseAdmin.Tests\FirebaseAdmin.Tests.csproj", "{112BBB08-E51B-422B-864D-023FCCF212D2}"
EndProject
Project("{9A19103F-16F7-4668-BE54-9A1E7A4F7556}") = "FirebaseAdmin.IntegrationTests", "FirebaseAdmin.IntegrationTests\FirebaseAdmin.IntegrationTests.csproj", "{709FCC13-249A-4752-972F-B770B0652919}"
EndProject
Project("{9A19103F-16F7-4668-BE54-9A1E7A4F7556}") = "FirebaseAdmin.Snippets", "FirebaseAdmin.Snippets\FirebaseAdmin.Snippets.csproj", "{2AEFFFD2-2C76-492B-9326-01BC75B8A79B}"
EndProject
Global
	GlobalSection(SolutionConfigurationPlatforms) = preSolution
		Debug|Any CPU = Debug|Any CPU
		Debug|x64 = Debug|x64
		Debug|x86 = Debug|x86
		Release|Any CPU = Release|Any CPU
		Release|x64 = Release|x64
		Release|x86 = Release|x86
	EndGlobalSection
	GlobalSection(ProjectConfigurationPlatforms) = postSolution
		{20D3B9D9-7461-441A-A798-6B124417F7A3}.Debug|Any CPU.ActiveCfg = Debug|Any CPU
		{20D3B9D9-7461-441A-A798-6B124417F7A3}.Debug|Any CPU.Build.0 = Debug|Any CPU
		{20D3B9D9-7461-441A-A798-6B124417F7A3}.Debug|x64.ActiveCfg = Debug|Any CPU
		{20D3B9D9-7461-441A-A798-6B124417F7A3}.Debug|x64.Build.0 = Debug|Any CPU
		{20D3B9D9-7461-441A-A798-6B124417F7A3}.Debug|x86.ActiveCfg = Debug|Any CPU
		{20D3B9D9-7461-441A-A798-6B124417F7A3}.Debug|x86.Build.0 = Debug|Any CPU
		{20D3B9D9-7461-441A-A798-6B124417F7A3}.Release|Any CPU.ActiveCfg = Release|Any CPU
		{20D3B9D9-7461-441A-A798-6B124417F7A3}.Release|Any CPU.Build.0 = Release|Any CPU
		{20D3B9D9-7461-441A-A798-6B124417F7A3}.Release|x64.ActiveCfg = Release|Any CPU
		{20D3B9D9-7461-441A-A798-6B124417F7A3}.Release|x64.Build.0 = Release|Any CPU
		{20D3B9D9-7461-441A-A798-6B124417F7A3}.Release|x86.ActiveCfg = Release|Any CPU
		{20D3B9D9-7461-441A-A798-6B124417F7A3}.Release|x86.Build.0 = Release|Any CPU
		{112BBB08-E51B-422B-864D-023FCCF212D2}.Debug|Any CPU.ActiveCfg = Debug|Any CPU
		{112BBB08-E51B-422B-864D-023FCCF212D2}.Debug|Any CPU.Build.0 = Debug|Any CPU
		{112BBB08-E51B-422B-864D-023FCCF212D2}.Debug|x64.ActiveCfg = Debug|Any CPU
		{112BBB08-E51B-422B-864D-023FCCF212D2}.Debug|x64.Build.0 = Debug|Any CPU
		{112BBB08-E51B-422B-864D-023FCCF212D2}.Debug|x86.ActiveCfg = Debug|Any CPU
		{112BBB08-E51B-422B-864D-023FCCF212D2}.Debug|x86.Build.0 = Debug|Any CPU
		{112BBB08-E51B-422B-864D-023FCCF212D2}.Release|Any CPU.ActiveCfg = Release|Any CPU
		{112BBB08-E51B-422B-864D-023FCCF212D2}.Release|Any CPU.Build.0 = Release|Any CPU
		{112BBB08-E51B-422B-864D-023FCCF212D2}.Release|x64.ActiveCfg = Release|Any CPU
		{112BBB08-E51B-422B-864D-023FCCF212D2}.Release|x64.Build.0 = Release|Any CPU
		{112BBB08-E51B-422B-864D-023FCCF212D2}.Release|x86.ActiveCfg = Release|Any CPU
		{112BBB08-E51B-422B-864D-023FCCF212D2}.Release|x86.Build.0 = Release|Any CPU
		{709FCC13-249A-4752-972F-B770B0652919}.Debug|Any CPU.ActiveCfg = Debug|Any CPU
		{709FCC13-249A-4752-972F-B770B0652919}.Debug|Any CPU.Build.0 = Debug|Any CPU
		{709FCC13-249A-4752-972F-B770B0652919}.Debug|x64.ActiveCfg = Debug|Any CPU
		{709FCC13-249A-4752-972F-B770B0652919}.Debug|x64.Build.0 = Debug|Any CPU
		{709FCC13-249A-4752-972F-B770B0652919}.Debug|x86.ActiveCfg = Debug|Any CPU
		{709FCC13-249A-4752-972F-B770B0652919}.Debug|x86.Build.0 = Debug|Any CPU
		{709FCC13-249A-4752-972F-B770B0652919}.Release|Any CPU.ActiveCfg = Release|Any CPU
		{709FCC13-249A-4752-972F-B770B0652919}.Release|Any CPU.Build.0 = Release|Any CPU
		{709FCC13-249A-4752-972F-B770B0652919}.Release|x64.ActiveCfg = Release|Any CPU
		{709FCC13-249A-4752-972F-B770B0652919}.Release|x64.Build.0 = Release|Any CPU
		{709FCC13-249A-4752-972F-B770B0652919}.Release|x86.ActiveCfg = Release|Any CPU
		{709FCC13-249A-4752-972F-B770B0652919}.Release|x86.Build.0 = Release|Any CPU
		{2AEFFFD2-2C76-492B-9326-01BC75B8A79B}.Debug|Any CPU.ActiveCfg = Debug|Any CPU
		{2AEFFFD2-2C76-492B-9326-01BC75B8A79B}.Debug|Any CPU.Build.0 = Debug|Any CPU
		{2AEFFFD2-2C76-492B-9326-01BC75B8A79B}.Debug|x64.ActiveCfg = Debug|Any CPU
		{2AEFFFD2-2C76-492B-9326-01BC75B8A79B}.Debug|x64.Build.0 = Debug|Any CPU
		{2AEFFFD2-2C76-492B-9326-01BC75B8A79B}.Debug|x86.ActiveCfg = Debug|Any CPU
		{2AEFFFD2-2C76-492B-9326-01BC75B8A79B}.Debug|x86.Build.0 = Debug|Any CPU
		{2AEFFFD2-2C76-492B-9326-01BC75B8A79B}.Release|Any CPU.ActiveCfg = Release|Any CPU
		{2AEFFFD2-2C76-492B-9326-01BC75B8A79B}.Release|Any CPU.Build.0 = Release|Any CPU
		{2AEFFFD2-2C76-492B-9326-01BC75B8A79B}.Release|x64.ActiveCfg = Release|Any CPU
		{2AEFFFD2-2C76-492B-9326-01BC75B8A79B}.Release|x64.Build.0 = Release|Any CPU
		{2AEFFFD2-2C76-492B-9326-01BC75B8A79B}.Release|x86.ActiveCfg = Release|Any CPU
		{2AEFFFD2-2C76-492B-9326-01BC75B8A79B}.Release|x86.Build.0 = Release|Any CPU
	EndGlobalSection
	GlobalSection(SolutionProperties) = preSolution
		HideSolutionNode = FALSE
	EndGlobalSection
	GlobalSection(ExtensibilityGlobals) = postSolution
		SolutionGuid = {9BEEB152-2288-42D6-939A-83D0D9527634}
	EndGlobalSection
EndGlobal
